// !$*UTF8*$!
{
	archiveVersion = 1;
	classes = {
	};
	objectVersion = 56;
	objects = {

/* Begin PBXBuildFile section */
		A528E7482C66A0BD00EA06A9 /* TextFieldApp.swift in Sources */ = {isa = PBXBuildFile; fileRef = A528E7472C66A0BD00EA06A9 /* TextFieldApp.swift */; };
		A528E74A2C66A0BD00EA06A9 /* ContentView.swift in Sources */ = {isa = PBXBuildFile; fileRef = A528E7492C66A0BD00EA06A9 /* ContentView.swift */; };
		A528E74C2C66A0BF00EA06A9 /* Assets.xcassets in Resources */ = {isa = PBXBuildFile; fileRef = A528E74B2C66A0BF00EA06A9 /* Assets.xcassets */; };
		A528E74F2C66A0BF00EA06A9 /* Preview Assets.xcassets in Resources */ = {isa = PBXBuildFile; fileRef = A528E74E2C66A0BF00EA06A9 /* Preview Assets.xcassets */; };
		A528E7572C66A51C00EA06A9 /* SwiftUIIntrospect in Frameworks */ = {isa = PBXBuildFile; productRef = A528E7562C66A51C00EA06A9 /* SwiftUIIntrospect */; };
		A528E75A2C66B2F200EA06A9 /* TextFieldComponentSwiftUIView.swift in Sources */ = {isa = PBXBuildFile; fileRef = A528E7592C66B2F200EA06A9 /* TextFieldComponentSwiftUIView.swift */; };
		A528E75C2C66B38500EA06A9 /* HomeSwiftUIView.swift in Sources */ = {isa = PBXBuildFile; fileRef = A528E75B2C66B38500EA06A9 /* HomeSwiftUIView.swift */; };
		A528E75F2C67315100EA06A9 /* String+Mask.swift in Sources */ = {isa = PBXBuildFile; fileRef = A528E75E2C67315100EA06A9 /* String+Mask.swift */; };
		A528E7682C68E1A300EA06A9 /* ValidationPreferenceKey.swift in Sources */ = {isa = PBXBuildFile; fileRef = A528E7672C68E1A300EA06A9 /* ValidationPreferenceKey.swift */; };
		A528E76A2C68E24600EA06A9 /* ValidationModifier.swift in Sources */ = {isa = PBXBuildFile; fileRef = A528E7692C68E24600EA06A9 /* ValidationModifier.swift */; };
		A528E76C2C68E36700EA06A9 /* TextField+Validate.swift in Sources */ = {isa = PBXBuildFile; fileRef = A528E76B2C68E36700EA06A9 /* TextField+Validate.swift */; };
		A528E76E2C68E3F700EA06A9 /* SecureField+Validation.swift in Sources */ = {isa = PBXBuildFile; fileRef = A528E76D2C68E3F700EA06A9 /* SecureField+Validation.swift */; };
		A528E7702C68E43D00EA06A9 /* TextFormView.swift in Sources */ = {isa = PBXBuildFile; fileRef = A528E76F2C68E43D00EA06A9 /* TextFormView.swift */; };
/* End PBXBuildFile section */

/* Begin PBXFileReference section */
		A528E7442C66A0BD00EA06A9 /* TextField.app */ = {isa = PBXFileReference; explicitFileType = wrapper.application; includeInIndex = 0; path = TextField.app; sourceTree = BUILT_PRODUCTS_DIR; };
		A528E7472C66A0BD00EA06A9 /* TextFieldApp.swift */ = {isa = PBXFileReference; lastKnownFileType = sourcecode.swift; path = TextFieldApp.swift; sourceTree = "<group>"; };
		A528E7492C66A0BD00EA06A9 /* ContentView.swift */ = {isa = PBXFileReference; lastKnownFileType = sourcecode.swift; path = ContentView.swift; sourceTree = "<group>"; };
		A528E74B2C66A0BF00EA06A9 /* Assets.xcassets */ = {isa = PBXFileReference; lastKnownFileType = folder.assetcatalog; path = Assets.xcassets; sourceTree = "<group>"; };
		A528E74E2C66A0BF00EA06A9 /* Preview Assets.xcassets */ = {isa = PBXFileReference; lastKnownFileType = folder.assetcatalog; path = "Preview Assets.xcassets"; sourceTree = "<group>"; };
		A528E7592C66B2F200EA06A9 /* TextFieldComponentSwiftUIView.swift */ = {isa = PBXFileReference; lastKnownFileType = sourcecode.swift; path = TextFieldComponentSwiftUIView.swift; sourceTree = "<group>"; };
		A528E75B2C66B38500EA06A9 /* HomeSwiftUIView.swift */ = {isa = PBXFileReference; lastKnownFileType = sourcecode.swift; path = HomeSwiftUIView.swift; sourceTree = "<group>"; };
		A528E75E2C67315100EA06A9 /* String+Mask.swift */ = {isa = PBXFileReference; lastKnownFileType = sourcecode.swift; path = "String+Mask.swift"; sourceTree = "<group>"; };
		A528E7672C68E1A300EA06A9 /* ValidationPreferenceKey.swift */ = {isa = PBXFileReference; lastKnownFileType = sourcecode.swift; path = ValidationPreferenceKey.swift; sourceTree = "<group>"; };
		A528E7692C68E24600EA06A9 /* ValidationModifier.swift */ = {isa = PBXFileReference; lastKnownFileType = sourcecode.swift; path = ValidationModifier.swift; sourceTree = "<group>"; };
		A528E76B2C68E36700EA06A9 /* TextField+Validate.swift */ = {isa = PBXFileReference; lastKnownFileType = sourcecode.swift; path = "TextField+Validate.swift"; sourceTree = "<group>"; };
		A528E76D2C68E3F700EA06A9 /* SecureField+Validation.swift */ = {isa = PBXFileReference; lastKnownFileType = sourcecode.swift; path = "SecureField+Validation.swift"; sourceTree = "<group>"; };
		A528E76F2C68E43D00EA06A9 /* TextFormView.swift */ = {isa = PBXFileReference; lastKnownFileType = sourcecode.swift; path = TextFormView.swift; sourceTree = "<group>"; };
/* End PBXFileReference section */

/* Begin PBXFrameworksBuildPhase section */
		A528E7412C66A0BD00EA06A9 /* Frameworks */ = {
			isa = PBXFrameworksBuildPhase;
			buildActionMask = 2147483647;
			files = (
				A528E7572C66A51C00EA06A9 /* SwiftUIIntrospect in Frameworks */,
			);
			runOnlyForDeploymentPostprocessing = 0;
		};
/* End PBXFrameworksBuildPhase section */

/* Begin PBXGroup section */
		A528E73B2C66A0BD00EA06A9 = {
			isa = PBXGroup;
			children = (
				A528E7462C66A0BD00EA06A9 /* TextField */,
				A528E7452C66A0BD00EA06A9 /* Products */,
			);
			sourceTree = "<group>";
		};
		A528E7452C66A0BD00EA06A9 /* Products */ = {
			isa = PBXGroup;
			children = (
				A528E7442C66A0BD00EA06A9 /* TextField.app */,
			);
			name = Products;
			sourceTree = "<group>";
		};
		A528E7462C66A0BD00EA06A9 /* TextField */ = {
			isa = PBXGroup;
			children = (
				A528E7662C68E17600EA06A9 /* Validation */,
				A528E75D2C67312E00EA06A9 /* Extension */,
				A528E7582C66B2D000EA06A9 /* View */,
				A528E7472C66A0BD00EA06A9 /* TextFieldApp.swift */,
				A528E7492C66A0BD00EA06A9 /* ContentView.swift */,
				A528E74B2C66A0BF00EA06A9 /* Assets.xcassets */,
				A528E74D2C66A0BF00EA06A9 /* Preview Content */,
			);
			path = TextField;
			sourceTree = "<group>";
		};
		A528E74D2C66A0BF00EA06A9 /* Preview Content */ = {
			isa = PBXGroup;
			children = (
				A528E74E2C66A0BF00EA06A9 /* Preview Assets.xcassets */,
			);
			path = "Preview Content";
			sourceTree = "<group>";
		};
		A528E7582C66B2D000EA06A9 /* View */ = {
			isa = PBXGroup;
			children = (
				A528E7592C66B2F200EA06A9 /* TextFieldComponentSwiftUIView.swift */,
				A528E75B2C66B38500EA06A9 /* HomeSwiftUIView.swift */,
			);
			path = View;
			sourceTree = "<group>";
		};
		A528E75D2C67312E00EA06A9 /* Extension */ = {
			isa = PBXGroup;
			children = (
				A528E75E2C67315100EA06A9 /* String+Mask.swift */,
				A528E76B2C68E36700EA06A9 /* TextField+Validate.swift */,
				A528E76D2C68E3F700EA06A9 /* SecureField+Validation.swift */,
			);
			path = Extension;
			sourceTree = "<group>";
		};
		A528E7662C68E17600EA06A9 /* Validation */ = {
			isa = PBXGroup;
			children = (
				A528E7672C68E1A300EA06A9 /* ValidationPreferenceKey.swift */,
				A528E7692C68E24600EA06A9 /* ValidationModifier.swift */,
				A528E76F2C68E43D00EA06A9 /* TextFormView.swift */,
			);
			path = Validation;
			sourceTree = "<group>";
		};
/* End PBXGroup section */

/* Begin PBXNativeTarget section */
		A528E7432C66A0BD00EA06A9 /* TextField */ = {
			isa = PBXNativeTarget;
			buildConfigurationList = A528E7522C66A0BF00EA06A9 /* Build configuration list for PBXNativeTarget "TextField" */;
			buildPhases = (
				A528E7402C66A0BD00EA06A9 /* Sources */,
				A528E7412C66A0BD00EA06A9 /* Frameworks */,
				A528E7422C66A0BD00EA06A9 /* Resources */,
			);
			buildRules = (
			);
			dependencies = (
			);
			name = TextField;
			packageProductDependencies = (
				A528E7562C66A51C00EA06A9 /* SwiftUIIntrospect */,
			);
			productName = TextField;
			productReference = A528E7442C66A0BD00EA06A9 /* TextField.app */;
			productType = "com.apple.product-type.application";
		};
/* End PBXNativeTarget section */

/* Begin PBXProject section */
		A528E73C2C66A0BD00EA06A9 /* Project object */ = {
			isa = PBXProject;
			attributes = {
				BuildIndependentTargetsInParallel = 1;
				LastSwiftUpdateCheck = 1540;
				LastUpgradeCheck = 1540;
				TargetAttributes = {
					A528E7432C66A0BD00EA06A9 = {
						CreatedOnToolsVersion = 15.4;
					};
				};
			};
			buildConfigurationList = A528E73F2C66A0BD00EA06A9 /* Build configuration list for PBXProject "TextField" */;
			compatibilityVersion = "Xcode 14.0";
			developmentRegion = en;
			hasScannedForEncodings = 0;
			knownRegions = (
				en,
				Base,
			);
			mainGroup = A528E73B2C66A0BD00EA06A9;
			packageReferences = (
				A528E7552C66A51C00EA06A9 /* XCRemoteSwiftPackageReference "SwiftUI-Introspect" */,
			);
			productRefGroup = A528E7452C66A0BD00EA06A9 /* Products */;
			projectDirPath = "";
			projectRoot = "";
			targets = (
				A528E7432C66A0BD00EA06A9 /* TextField */,
			);
		};
/* End PBXProject section */

/* Begin PBXResourcesBuildPhase section */
		A528E7422C66A0BD00EA06A9 /* Resources */ = {
			isa = PBXResourcesBuildPhase;
			buildActionMask = 2147483647;
			files = (
				A528E74F2C66A0BF00EA06A9 /* Preview Assets.xcassets in Resources */,
				A528E74C2C66A0BF00EA06A9 /* Assets.xcassets in Resources */,
			);
			runOnlyForDeploymentPostprocessing = 0;
		};
/* End PBXResourcesBuildPhase section */

/* Begin PBXSourcesBuildPhase section */
		A528E7402C66A0BD00EA06A9 /* Sources */ = {
			isa = PBXSourcesBuildPhase;
			buildActionMask = 2147483647;
			files = (
				A528E75F2C67315100EA06A9 /* String+Mask.swift in Sources */,
				A528E7702C68E43D00EA06A9 /* TextFormView.swift in Sources */,
				A528E76C2C68E36700EA06A9 /* TextField+Validate.swift in Sources */,
				A528E76A2C68E24600EA06A9 /* ValidationModifier.swift in Sources */,
				A528E7682C68E1A300EA06A9 /* ValidationPreferenceKey.swift in Sources */,
				A528E74A2C66A0BD00EA06A9 /* ContentView.swift in Sources */,
				A528E75A2C66B2F200EA06A9 /* TextFieldComponentSwiftUIView.swift in Sources */,
				A528E76E2C68E3F700EA06A9 /* SecureField+Validation.swift in Sources */,
				A528E7482C66A0BD00EA06A9 /* TextFieldApp.swift in Sources */,
				A528E75C2C66B38500EA06A9 /* HomeSwiftUIView.swift in Sources */,
			);
			runOnlyForDeploymentPostprocessing = 0;
		};
/* End PBXSourcesBuildPhase section */

/* Begin XCBuildConfiguration section */
		A528E7502C66A0BF00EA06A9 /* Debug */ = {
			isa = XCBuildConfiguration;
			buildSettings = {
				ALWAYS_SEARCH_USER_PATHS = NO;
				ASSETCATALOG_COMPILER_GENERATE_SWIFT_ASSET_SYMBOL_EXTENSIONS = YES;
				CLANG_ANALYZER_NONNULL = YES;
				CLANG_ANALYZER_NUMBER_OBJECT_CONVERSION = YES_AGGRESSIVE;
				CLANG_CXX_LANGUAGE_STANDARD = "gnu++20";
				CLANG_ENABLE_MODULES = YES;
				CLANG_ENABLE_OBJC_ARC = YES;
				CLANG_ENABLE_OBJC_WEAK = YES;
				CLANG_WARN_BLOCK_CAPTURE_AUTORELEASING = YES;
				CLANG_WARN_BOOL_CONVERSION = YES;
				CLANG_WARN_COMMA = YES;
				CLANG_WARN_CONSTANT_CONVERSION = YES;
				CLANG_WARN_DEPRECATED_OBJC_IMPLEMENTATIONS = YES;
				CLANG_WARN_DIRECT_OBJC_ISA_USAGE = YES_ERROR;
				CLANG_WARN_DOCUMENTATION_COMMENTS = YES;
				CLANG_WARN_EMPTY_BODY = YES;
				CLANG_WARN_ENUM_CONVERSION = YES;
				CLANG_WARN_INFINITE_RECURSION = YES;
				CLANG_WARN_INT_CONVERSION = YES;
				CLANG_WARN_NON_LITERAL_NULL_CONVERSION = YES;
				CLANG_WARN_OBJC_IMPLICIT_RETAIN_SELF = YES;
				CLANG_WARN_OBJC_LITERAL_CONVERSION = YES;
				CLANG_WARN_OBJC_ROOT_CLASS = YES_ERROR;
				CLANG_WARN_QUOTED_INCLUDE_IN_FRAMEWORK_HEADER = YES;
				CLANG_WARN_RANGE_LOOP_ANALYSIS = YES;
				CLANG_WARN_STRICT_PROTOTYPES = YES;
				CLANG_WARN_SUSPICIOUS_MOVE = YES;
				CLANG_WARN_UNGUARDED_AVAILABILITY = YES_AGGRESSIVE;
				CLANG_WARN_UNREACHABLE_CODE = YES;
				CLANG_WARN__DUPLICATE_METHOD_MATCH = YES;
				COPY_PHASE_STRIP = NO;
				DEBUG_INFORMATION_FORMAT = dwarf;
				ENABLE_STRICT_OBJC_MSGSEND = YES;
				ENABLE_TESTABILITY = YES;
				ENABLE_USER_SCRIPT_SANDBOXING = YES;
				GCC_C_LANGUAGE_STANDARD = gnu17;
				GCC_DYNAMIC_NO_PIC = NO;
				GCC_NO_COMMON_BLOCKS = YES;
				GCC_OPTIMIZATION_LEVEL = 0;
				GCC_PREPROCESSOR_DEFINITIONS = (
					"DEBUG=1",
					"$(inherited)",
				);
				GCC_WARN_64_TO_32_BIT_CONVERSION = YES;
				GCC_WARN_ABOUT_RETURN_TYPE = YES_ERROR;
				GCC_WARN_UNDECLARED_SELECTOR = YES;
				GCC_WARN_UNINITIALIZED_AUTOS = YES_AGGRESSIVE;
				GCC_WARN_UNUSED_FUNCTION = YES;
				GCC_WARN_UNUSED_VARIABLE = YES;
				IPHONEOS_DEPLOYMENT_TARGET = 17.5;
				LOCALIZATION_PREFERS_STRING_CATALOGS = YES;
				MTL_ENABLE_DEBUG_INFO = INCLUDE_SOURCE;
				MTL_FAST_MATH = YES;
				ONLY_ACTIVE_ARCH = YES;
				SDKROOT = iphoneos;
				SWIFT_ACTIVE_COMPILATION_CONDITIONS = "DEBUG $(inherited)";
				SWIFT_OPTIMIZATION_LEVEL = "-Onone";
			};
			name = Debug;
		};
		A528E7512C66A0BF00EA06A9 /* Release */ = {
			isa = XCBuildConfiguration;
			buildSettings = {
				ALWAYS_SEARCH_USER_PATHS = NO;
				ASSETCATALOG_COMPILER_GENERATE_SWIFT_ASSET_SYMBOL_EXTENSIONS = YES;
				CLANG_ANALYZER_NONNULL = YES;
				CLANG_ANALYZER_NUMBER_OBJECT_CONVERSION = YES_AGGRESSIVE;
				CLANG_CXX_LANGUAGE_STANDARD = "gnu++20";
				CLANG_ENABLE_MODULES = YES;
				CLANG_ENABLE_OBJC_ARC = YES;
				CLANG_ENABLE_OBJC_WEAK = YES;
				CLANG_WARN_BLOCK_CAPTURE_AUTORELEASING = YES;
				CLANG_WARN_BOOL_CONVERSION = YES;
				CLANG_WARN_COMMA = YES;
				CLANG_WARN_CONSTANT_CONVERSION = YES;
				CLANG_WARN_DEPRECATED_OBJC_IMPLEMENTATIONS = YES;
				CLANG_WARN_DIRECT_OBJC_ISA_USAGE = YES_ERROR;
				CLANG_WARN_DOCUMENTATION_COMMENTS = YES;
				CLANG_WARN_EMPTY_BODY = YES;
				CLANG_WARN_ENUM_CONVERSION = YES;
				CLANG_WARN_INFINITE_RECURSION = YES;
				CLANG_WARN_INT_CONVERSION = YES;
				CLANG_WARN_NON_LITERAL_NULL_CONVERSION = YES;
				CLANG_WARN_OBJC_IMPLICIT_RETAIN_SELF = YES;
				CLANG_WARN_OBJC_LITERAL_CONVERSION = YES;
				CLANG_WARN_OBJC_ROOT_CLASS = YES_ERROR;
				CLANG_WARN_QUOTED_INCLUDE_IN_FRAMEWORK_HEADER = YES;
				CLANG_WARN_RANGE_LOOP_ANALYSIS = YES;
				CLANG_WARN_STRICT_PROTOTYPES = YES;
				CLANG_WARN_SUSPICIOUS_MOVE = YES;
				CLANG_WARN_UNGUARDED_AVAILABILITY = YES_AGGRESSIVE;
				CLANG_WARN_UNREACHABLE_CODE = YES;
				CLANG_WARN__DUPLICATE_METHOD_MATCH = YES;
				COPY_PHASE_STRIP = NO;
				DEBUG_INFORMATION_FORMAT = "dwarf-with-dsym";
				ENABLE_NS_ASSERTIONS = NO;
				ENABLE_STRICT_OBJC_MSGSEND = YES;
				ENABLE_USER_SCRIPT_SANDBOXING = YES;
				GCC_C_LANGUAGE_STANDARD = gnu17;
				GCC_NO_COMMON_BLOCKS = YES;
				GCC_WARN_64_TO_32_BIT_CONVERSION = YES;
				GCC_WARN_ABOUT_RETURN_TYPE = YES_ERROR;
				GCC_WARN_UNDECLARED_SELECTOR = YES;
				GCC_WARN_UNINITIALIZED_AUTOS = YES_AGGRESSIVE;
				GCC_WARN_UNUSED_FUNCTION = YES;
				GCC_WARN_UNUSED_VARIABLE = YES;
				IPHONEOS_DEPLOYMENT_TARGET = 17.5;
				LOCALIZATION_PREFERS_STRING_CATALOGS = YES;
				MTL_ENABLE_DEBUG_INFO = NO;
				MTL_FAST_MATH = YES;
				SDKROOT = iphoneos;
				SWIFT_COMPILATION_MODE = wholemodule;
				VALIDATE_PRODUCT = YES;
			};
			name = Release;
		};
		A528E7532C66A0BF00EA06A9 /* Debug */ = {
			isa = XCBuildConfiguration;
			buildSettings = {
				ASSETCATALOG_COMPILER_APPICON_NAME = AppIcon;
				ASSETCATALOG_COMPILER_GLOBAL_ACCENT_COLOR_NAME = AccentColor;
				CODE_SIGN_STYLE = Automatic;
				CURRENT_PROJECT_VERSION = 1;
				DEVELOPMENT_ASSET_PATHS = "\"TextField/Preview Content\"";
				DEVELOPMENT_TEAM = H32J47ML7Z;
				ENABLE_PREVIEWS = YES;
				GENERATE_INFOPLIST_FILE = YES;
				INFOPLIST_KEY_UIApplicationSceneManifest_Generation = YES;
				INFOPLIST_KEY_UIApplicationSupportsIndirectInputEvents = YES;
				INFOPLIST_KEY_UILaunchScreen_Generation = YES;
				INFOPLIST_KEY_UISupportedInterfaceOrientations_iPad = "UIInterfaceOrientationPortrait UIInterfaceOrientationPortraitUpsideDown UIInterfaceOrientationLandscapeLeft UIInterfaceOrientationLandscapeRight";
				INFOPLIST_KEY_UISupportedInterfaceOrientations_iPhone = "UIInterfaceOrientationPortrait UIInterfaceOrientationLandscapeLeft UIInterfaceOrientationLandscapeRight";
				IPHONEOS_DEPLOYMENT_TARGET = 16.0;
				LD_RUNPATH_SEARCH_PATHS = (
					"$(inherited)",
					"@executable_path/Frameworks",
				);
				MARKETING_VERSION = 1.0;
				PRODUCT_BUNDLE_IDENTIFIER = com.pysarenkodev.TextField;
				PRODUCT_NAME = "$(TARGET_NAME)";
				SWIFT_EMIT_LOC_STRINGS = YES;
				SWIFT_VERSION = 5.0;
				TARGETED_DEVICE_FAMILY = "1,2";
			};
			name = Debug;
		};
		A528E7542C66A0BF00EA06A9 /* Release */ = {
			isa = XCBuildConfiguration;
			buildSettings = {
				ASSETCATALOG_COMPILER_APPICON_NAME = AppIcon;
				ASSETCATALOG_COMPILER_GLOBAL_ACCENT_COLOR_NAME = AccentColor;
				CODE_SIGN_STYLE = Automatic;
				CURRENT_PROJECT_VERSION = 1;
				DEVELOPMENT_ASSET_PATHS = "\"TextField/Preview Content\"";
				DEVELOPMENT_TEAM = H32J47ML7Z;
				ENABLE_PREVIEWS = YES;
				GENERATE_INFOPLIST_FILE = YES;
				INFOPLIST_KEY_UIApplicationSceneManifest_Generation = YES;
				INFOPLIST_KEY_UIApplicationSupportsIndirectInputEvents = YES;
				INFOPLIST_KEY_UILaunchScreen_Generation = YES;
				INFOPLIST_KEY_UISupportedInterfaceOrientations_iPad = "UIInterfaceOrientationPortrait UIInterfaceOrientationPortraitUpsideDown UIInterfaceOrientationLandscapeLeft UIInterfaceOrientationLandscapeRight";
				INFOPLIST_KEY_UISupportedInterfaceOrientations_iPhone = "UIInterfaceOrientationPortrait UIInterfaceOrientationLandscapeLeft UIInterfaceOrientationLandscapeRight";
				IPHONEOS_DEPLOYMENT_TARGET = 16.0;
				LD_RUNPATH_SEARCH_PATHS = (
					"$(inherited)",
					"@executable_path/Frameworks",
				);
				MARKETING_VERSION = 1.0;
				PRODUCT_BUNDLE_IDENTIFIER = com.pysarenkodev.TextField;
				PRODUCT_NAME = "$(TARGET_NAME)";
				SWIFT_EMIT_LOC_STRINGS = YES;
				SWIFT_VERSION = 5.0;
				TARGETED_DEVICE_FAMILY = "1,2";
			};
			name = Release;
		};
/* End XCBuildConfiguration section */

/* Begin XCConfigurationList section */
		A528E73F2C66A0BD00EA06A9 /* Build configuration list for PBXProject "TextField" */ = {
			isa = XCConfigurationList;
			buildConfigurations = (
				A528E7502C66A0BF00EA06A9 /* Debug */,
				A528E7512C66A0BF00EA06A9 /* Release */,
			);
			defaultConfigurationIsVisible = 0;
			defaultConfigurationName = Release;
		};
		A528E7522C66A0BF00EA06A9 /* Build configuration list for PBXNativeTarget "TextField" */ = {
			isa = XCConfigurationList;
			buildConfigurations = (
				A528E7532C66A0BF00EA06A9 /* Debug */,
				A528E7542C66A0BF00EA06A9 /* Release */,
			);
			defaultConfigurationIsVisible = 0;
			defaultConfigurationName = Release;
		};
/* End XCConfigurationList section */

/* Begin XCRemoteSwiftPackageReference section */
		A528E7552C66A51C00EA06A9 /* XCRemoteSwiftPackageReference "SwiftUI-Introspect" */ = {
			isa = XCRemoteSwiftPackageReference;
			repositoryURL = "https://github.com/siteline/SwiftUI-Introspect";
			requirement = {
				kind = upToNextMajorVersion;
				minimumVersion = 1.3.0;
			};
		};
/* End XCRemoteSwiftPackageReference section */

/* Begin XCSwiftPackageProductDependency section */
		A528E7562C66A51C00EA06A9 /* SwiftUIIntrospect */ = {
			isa = XCSwiftPackageProductDependency;
			package = A528E7552C66A51C00EA06A9 /* XCRemoteSwiftPackageReference "SwiftUI-Introspect" */;
			productName = SwiftUIIntrospect;
		};
/* End XCSwiftPackageProductDependency section */
	};
	rootObject = A528E73C2C66A0BD00EA06A9 /* Project object */;
}
